
Microsoft Visual Studio Solution File, Format Version 12.00
# Visual Studio Version 16
VisualStudioVersion = 16.0.30611.23
MinimumVisualStudioVersion = 10.0.40219.1
Project("{9A19103F-16F7-4668-BE54-9A1E7A4F7556}") = "Gjognumskygni.API", "Gjognumskygni.API\Gjognumskygni.API.csproj", "{6208715B-2026-4F9A-8EB1-6DC034BA5AC7}"
EndProject
Project("{9A19103F-16F7-4668-BE54-9A1E7A4F7556}") = "Gjognumskygni.Domain", "Gjognumskygni.Domain\Gjognumskygni.Domain.csproj", "{6FE05311-3941-4727-8926-868B9A9BABE6}"
EndProject
Project("{9A19103F-16F7-4668-BE54-9A1E7A4F7556}") = "Gjognumskygni.ViewModel", "Gjognumskygni.ViewModel\Gjognumskygni.ViewModel.csproj", "{14194E7E-E703-4A6C-96B6-2B58A8C6F3AF}"
EndProject
Global
	GlobalSection(SolutionConfigurationPlatforms) = preSolution
		Debug|Any CPU = Debug|Any CPU
		Release|Any CPU = Release|Any CPU
	EndGlobalSection
	GlobalSection(ProjectConfigurationPlatforms) = postSolution
		{6208715B-2026-4F9A-8EB1-6DC034BA5AC7}.Debug|Any CPU.ActiveCfg = Debug|Any CPU
		{6208715B-2026-4F9A-8EB1-6DC034BA5AC7}.Debug|Any CPU.Build.0 = Debug|Any CPU
		{6208715B-2026-4F9A-8EB1-6DC034BA5AC7}.Release|Any CPU.ActiveCfg = Release|Any CPU
		{6208715B-2026-4F9A-8EB1-6DC034BA5AC7}.Release|Any CPU.Build.0 = Release|Any CPU
		{6FE05311-3941-4727-8926-868B9A9BABE6}.Debug|Any CPU.ActiveCfg = Debug|Any CPU
		{6FE05311-3941-4727-8926-868B9A9BABE6}.Debug|Any CPU.Build.0 = Debug|Any CPU
		{6FE05311-3941-4727-8926-868B9A9BABE6}.Release|Any CPU.ActiveCfg = Release|Any CPU
		{6FE05311-3941-4727-8926-868B9A9BABE6}.Release|Any CPU.Build.0 = Release|Any CPU
		{14194E7E-E703-4A6C-96B6-2B58A8C6F3AF}.Debug|Any CPU.ActiveCfg = Debug|Any CPU
		{14194E7E-E703-4A6C-96B6-2B58A8C6F3AF}.Debug|Any CPU.Build.0 = Debug|Any CPU
		{14194E7E-E703-4A6C-96B6-2B58A8C6F3AF}.Release|Any CPU.ActiveCfg = Release|Any CPU
		{14194E7E-E703-4A6C-96B6-2B58A8C6F3AF}.Release|Any CPU.Build.0 = Release|Any CPU
	EndGlobalSection
	GlobalSection(SolutionProperties) = preSolution
		HideSolutionNode = FALSE
	EndGlobalSection
	GlobalSection(ExtensibilityGlobals) = postSolution
		SolutionGuid = {134DB6F1-66C0-440F-B524-21E8558909AF}
	EndGlobalSection
EndGlobal
