
Microsoft Visual Studio Solution File, Format Version 12.00
# Visual Studio Version 16
VisualStudioVersion = 16.0.29418.71
MinimumVisualStudioVersion = 10.0.40219.1
Project("{9A19103F-16F7-4668-BE54-9A1E7A4F7556}") = "Domain", "Domain\Domain.csproj", "{82DEC689-E0D2-4096-BF28-8FDD5B67ED4B}"
EndProject
Project("{9A19103F-16F7-4668-BE54-9A1E7A4F7556}") = "ViewModel", "ViewModel\ViewModel.csproj", "{EF952719-23A6-4E20-86F1-E47BEA6CEFF0}"
EndProject
Project("{9A19103F-16F7-4668-BE54-9A1E7A4F7556}") = "DAL", "DAL\DAL.csproj", "{C0F294FB-3E4A-4100-BA85-F11B80124F22}"
EndProject
Project("{9A19103F-16F7-4668-BE54-9A1E7A4F7556}") = "AdminApp", "AdminApp\AdminApp.csproj", "{82F81331-1336-485E-A816-688E39D01B8B}"
EndProject
Global
	GlobalSection(SolutionConfigurationPlatforms) = preSolution
		Debug|Any CPU = Debug|Any CPU
		Release|Any CPU = Release|Any CPU
	EndGlobalSection
	GlobalSection(ProjectConfigurationPlatforms) = postSolution
		{82DEC689-E0D2-4096-BF28-8FDD5B67ED4B}.Debug|Any CPU.ActiveCfg = Debug|Any CPU
		{82DEC689-E0D2-4096-BF28-8FDD5B67ED4B}.Debug|Any CPU.Build.0 = Debug|Any CPU
		{82DEC689-E0D2-4096-BF28-8FDD5B67ED4B}.Release|Any CPU.ActiveCfg = Release|Any CPU
		{82DEC689-E0D2-4096-BF28-8FDD5B67ED4B}.Release|Any CPU.Build.0 = Release|Any CPU
		{EF952719-23A6-4E20-86F1-E47BEA6CEFF0}.Debug|Any CPU.ActiveCfg = Debug|Any CPU
		{EF952719-23A6-4E20-86F1-E47BEA6CEFF0}.Debug|Any CPU.Build.0 = Debug|Any CPU
		{EF952719-23A6-4E20-86F1-E47BEA6CEFF0}.Release|Any CPU.ActiveCfg = Release|Any CPU
		{EF952719-23A6-4E20-86F1-E47BEA6CEFF0}.Release|Any CPU.Build.0 = Release|Any CPU
		{C0F294FB-3E4A-4100-BA85-F11B80124F22}.Debug|Any CPU.ActiveCfg = Debug|Any CPU
		{C0F294FB-3E4A-4100-BA85-F11B80124F22}.Debug|Any CPU.Build.0 = Debug|Any CPU
		{C0F294FB-3E4A-4100-BA85-F11B80124F22}.Release|Any CPU.ActiveCfg = Release|Any CPU
		{C0F294FB-3E4A-4100-BA85-F11B80124F22}.Release|Any CPU.Build.0 = Release|Any CPU
		{82F81331-1336-485E-A816-688E39D01B8B}.Debug|Any CPU.ActiveCfg = Debug|Any CPU
		{82F81331-1336-485E-A816-688E39D01B8B}.Debug|Any CPU.Build.0 = Debug|Any CPU
		{82F81331-1336-485E-A816-688E39D01B8B}.Release|Any CPU.ActiveCfg = Release|Any CPU
		{82F81331-1336-485E-A816-688E39D01B8B}.Release|Any CPU.Build.0 = Release|Any CPU
	EndGlobalSection
	GlobalSection(SolutionProperties) = preSolution
		HideSolutionNode = FALSE
	EndGlobalSection
	GlobalSection(ExtensibilityGlobals) = postSolution
		SolutionGuid = {08FBDA78-81BC-48B8-958C-CB2A998F0FBF}
	EndGlobalSection
EndGlobal
